
Microsoft Visual Studio Solution File, Format Version 12.00
# Visual Studio Version 17
VisualStudioVersion = 17.14.36127.28 d17.14
MinimumVisualStudioVersion = 10.0.40219.1
Project("{FAE04EC0-301F-11D3-BF4B-00C04F79EFBC}") = "LDM_PIIService", "LDM_PIIService.csproj", "{105310C1-F444-4877-AF8B-CBD4F2F57BD2}"
EndProject
Project("{FAE04EC0-301F-11D3-BF4B-00C04F79EFBC}") = "LDM_PIIService.Entities", "..\LDM_PIIService.Entities\LDM_PIIService.Entities.csproj", "{5A939626-CDBE-40D6-A904-5F534AF6AC5F}"
EndProject
Project("{FAE04EC0-301F-11D3-BF4B-00C04F79EFBC}") = "LDM_PIIService.DAL", "..\LDM_PIIService.DAL\LDM_PIIService.DAL.csproj", "{9AB02C53-863E-4587-9112-2E2F8D2CA816}"
EndProject
Project("{FAE04EC0-301F-11D3-BF4B-00C04F79EFBC}") = "LDM_PIIService.DSL", "..\LDM_PIIService.DSL\LDM_PIIService.DSL.csproj", "{0965F0D3-3F9F-4E57-B63B-A27FDD622913}"
EndProject
Project("{FAE04EC0-301F-11D3-BF4B-00C04F79EFBC}") = "LDM_PIIService.Helpers", "..\LDM_PIIService.Helpers\LDM_PIIService.Helpers.csproj", "{F46026EA-DF21-44AA-AA16-D045527C677F}"
EndProject
Global
	GlobalSection(SolutionConfigurationPlatforms) = preSolution
		Debug|Any CPU = Debug|Any CPU
		Release|Any CPU = Release|Any CPU
	EndGlobalSection
	GlobalSection(ProjectConfigurationPlatforms) = postSolution
		{105310C1-F444-4877-AF8B-CBD4F2F57BD2}.Debug|Any CPU.ActiveCfg = Debug|Any CPU
		{105310C1-F444-4877-AF8B-CBD4F2F57BD2}.Debug|Any CPU.Build.0 = Debug|Any CPU
		{105310C1-F444-4877-AF8B-CBD4F2F57BD2}.Release|Any CPU.ActiveCfg = Release|Any CPU
		{105310C1-F444-4877-AF8B-CBD4F2F57BD2}.Release|Any CPU.Build.0 = Release|Any CPU
		{5A939626-CDBE-40D6-A904-5F534AF6AC5F}.Debug|Any CPU.ActiveCfg = Debug|Any CPU
		{5A939626-CDBE-40D6-A904-5F534AF6AC5F}.Debug|Any CPU.Build.0 = Debug|Any CPU
		{5A939626-CDBE-40D6-A904-5F534AF6AC5F}.Release|Any CPU.ActiveCfg = Release|Any CPU
		{5A939626-CDBE-40D6-A904-5F534AF6AC5F}.Release|Any CPU.Build.0 = Release|Any CPU
		{9AB02C53-863E-4587-9112-2E2F8D2CA816}.Debug|Any CPU.ActiveCfg = Debug|Any CPU
		{9AB02C53-863E-4587-9112-2E2F8D2CA816}.Debug|Any CPU.Build.0 = Debug|Any CPU
		{9AB02C53-863E-4587-9112-2E2F8D2CA816}.Release|Any CPU.ActiveCfg = Release|Any CPU
		{9AB02C53-863E-4587-9112-2E2F8D2CA816}.Release|Any CPU.Build.0 = Release|Any CPU
		{0965F0D3-3F9F-4E57-B63B-A27FDD622913}.Debug|Any CPU.ActiveCfg = Debug|Any CPU
		{0965F0D3-3F9F-4E57-B63B-A27FDD622913}.Debug|Any CPU.Build.0 = Debug|Any CPU
		{0965F0D3-3F9F-4E57-B63B-A27FDD622913}.Release|Any CPU.ActiveCfg = Release|Any CPU
		{0965F0D3-3F9F-4E57-B63B-A27FDD622913}.Release|Any CPU.Build.0 = Release|Any CPU
		{F46026EA-DF21-44AA-AA16-D045527C677F}.Debug|Any CPU.ActiveCfg = Debug|Any CPU
		{F46026EA-DF21-44AA-AA16-D045527C677F}.Debug|Any CPU.Build.0 = Debug|Any CPU
		{F46026EA-DF21-44AA-AA16-D045527C677F}.Release|Any CPU.ActiveCfg = Release|Any CPU
		{F46026EA-DF21-44AA-AA16-D045527C677F}.Release|Any CPU.Build.0 = Release|Any CPU
	EndGlobalSection
	GlobalSection(SolutionProperties) = preSolution
		HideSolutionNode = FALSE
	EndGlobalSection
	GlobalSection(ExtensibilityGlobals) = postSolution
		SolutionGuid = {E13CFC7F-3F6E-4881-8E9F-CF9BCA5DC6E3}
	EndGlobalSection
EndGlobal
